{
  "name": "loMio-jscamp",
  "lockfileVersion": 3,
  "requires": true,
  "packages": {
    "": {
      "dependencies": {
        "snarkdown": "^2.0.0"
      }
    },
    "node_modules/snarkdown": {
      "version": "2.0.0",
      "resolved": "https://registry.npmjs.org/snarkdown/-/snarkdown-2.0.0.tgz",
      "integrity": "sha512-MgL/7k/AZdXCTJiNgrO7chgDqaB9FGM/1Tvlcenenb7div6obaDATzs16JhFyHHBGodHT3B7RzRc5qk8pFhg3A==",
      "license": "MIT"
    }
  }
}
